PODS:
  - Flutter (1.0.0)
  - pluginhello (0.0.1):
    - Flutter

DEPENDENCIES:
  - Flutter (from `Flutter`)
  - pluginhello (from `.symlinks/plugins/pluginhello/ios`)

EXTERNAL SOURCES:
  Flutter:
    :path: Flutter
  pluginhello:
    :path: ".symlinks/plugins/pluginhello/ios"

SPEC CHECKSUMS:
  Flutter: 0e3d915762c693b495b44d77113d4970485de6ec
  pluginhello: a4d9d45d0ba5e04e02d254907b53ac5ac5552578

PODFILE CHECKSUM: 083258d7f5e80b42ea9bfee905fe93049bc04c64

COCOAPODS: 1.8.4
